# @generated - this file is auto-generated by `mise lock` https://mise.jdx.dev/dev-tools/mise-lock.html

[[tools.node]]
version = "24.13.1"
backend = "core:node"

[tools.node."platforms.linux-arm64"]
checksum = "sha256:4873459d7c9b28feaa1f0fade9bb9c81cb702670991ff80a51d805325c5e3456"
url = "https://nodejs.org/dist/v24.13.1/node-v24.13.1-linux-arm64.tar.gz"

[tools.node."platforms.linux-arm64-musl"]
checksum = "sha256:4873459d7c9b28feaa1f0fade9bb9c81cb702670991ff80a51d805325c5e3456"
url = "https://nodejs.org/dist/v24.13.1/node-v24.13.1-linux-arm64.tar.gz"

[tools.node."platforms.linux-x64"]
checksum = "sha256:7ad28fb172a9ab0593f86c1a39e5c268d0d8fc3d6cb0167f455b5655a7a6e2fd"
url = "https://nodejs.org/dist/v24.13.1/node-v24.13.1-linux-x64.tar.gz"

[tools.node."platforms.linux-x64-musl"]
checksum = "sha256:7ad28fb172a9ab0593f86c1a39e5c268d0d8fc3d6cb0167f455b5655a7a6e2fd"
url = "https://nodejs.org/dist/v24.13.1/node-v24.13.1-linux-x64.tar.gz"

[tools.node."platforms.macos-arm64"]
checksum = "sha256:8c039d59f2fec6195e4281ad5b0d02b9a940897b4df7b849c6fb48be6787bba6"
url = "https://nodejs.org/dist/v24.13.1/node-v24.13.1-darwin-arm64.tar.gz"

[tools.node."platforms.macos-x64"]
checksum = "sha256:527f0578d9812e7dfa225121bda0b1546a6a0e4b5f556295fc8299c272de5fbf"
url = "https://nodejs.org/dist/v24.13.1/node-v24.13.1-darwin-x64.tar.gz"

[tools.node."platforms.windows-x64"]
checksum = "sha256:fba577c4bb87df04d54dd87bbdaa5a2272f1f99a2acbf9152e1a91b8b5f0b279"
url = "https://nodejs.org/dist/v24.13.1/node-v24.13.1-win-x64.zip"

[[tools.opencode]]
version = "1.2.24"
backend = "aqua:anomalyco/opencode"

[tools.opencode."platforms.linux-arm64"]
checksum = "sha256:58507b98c2902fd819b9d2639594eec4f36e5708f114ba028b1c3e877bb5e47d"
url = "https://github.com/anomalyco/opencode/releases/download/v1.2.24/opencode-linux-arm64.tar.gz"

[tools.opencode."platforms.linux-arm64-musl"]
checksum = "sha256:58507b98c2902fd819b9d2639594eec4f36e5708f114ba028b1c3e877bb5e47d"
url = "https://github.com/anomalyco/opencode/releases/download/v1.2.24/opencode-linux-arm64.tar.gz"

[tools.opencode."platforms.linux-x64"]
checksum = "sha256:20644ef6b85975f0b49c3ea131c8d49cdee854419b3b8cfb24476e01787a871e"
url = "https://github.com/anomalyco/opencode/releases/download/v1.2.24/opencode-linux-x64.tar.gz"

[tools.opencode."platforms.linux-x64-musl"]
checksum = "sha256:20644ef6b85975f0b49c3ea131c8d49cdee854419b3b8cfb24476e01787a871e"
url = "https://github.com/anomalyco/opencode/releases/download/v1.2.24/opencode-linux-x64.tar.gz"

[tools.opencode."platforms.macos-arm64"]
checksum = "sha256:858467155943c1030815047cbda2fd5074d1ba9309a00e5dd4585a19b3c4896e"
url = "https://github.com/anomalyco/opencode/releases/download/v1.2.24/opencode-darwin-arm64.zip"

[tools.opencode."platforms.macos-x64"]
checksum = "sha256:4de4662d20a8834d8f93e45965ff5fabfbc0f69f15eb4bb33f0742eced54e203"
url = "https://github.com/anomalyco/opencode/releases/download/v1.2.24/opencode-darwin-x64.zip"

[tools.opencode."platforms.windows-x64"]
checksum = "sha256:654be595baed57b6ed7747cc8813f505d55daad84458fe1f744d592d937fa0d3"
url = "https://github.com/anomalyco/opencode/releases/download/v1.2.24/opencode-windows-x64.zip"

[[tools.pnpm]]
version = "10.32.1"
backend = "aqua:pnpm/pnpm"

[tools.pnpm."platforms.linux-arm64"]
checksum = "sha256:c0db0b837971fde6f9781af8914e54eb163721193a36d35cbcf1794b3474a407"
url = "https://github.com/pnpm/pnpm/releases/download/v10.32.1/pnpm-linux-arm64"

[tools.pnpm."platforms.linux-arm64-musl"]
checksum = "sha256:c0db0b837971fde6f9781af8914e54eb163721193a36d35cbcf1794b3474a407"
url = "https://github.com/pnpm/pnpm/releases/download/v10.32.1/pnpm-linux-arm64"

[tools.pnpm."platforms.linux-x64"]
checksum = "sha256:c5607a86bfb948297e96b393a53c90107766fe56329e62967b1f239d861d4363"
url = "https://github.com/pnpm/pnpm/releases/download/v10.32.1/pnpm-linux-x64"

[tools.pnpm."platforms.linux-x64-musl"]
checksum = "sha256:c5607a86bfb948297e96b393a53c90107766fe56329e62967b1f239d861d4363"
url = "https://github.com/pnpm/pnpm/releases/download/v10.32.1/pnpm-linux-x64"

[tools.pnpm."platforms.macos-arm64"]
checksum = "sha256:b0904b4e0cf36704fcdc24bcdb5f03388799a631510d1fb0d459ea69c7b1e2d9"
url = "https://github.com/pnpm/pnpm/releases/download/v10.32.1/pnpm-macos-arm64"

[tools.pnpm."platforms.macos-x64"]
checksum = "sha256:8b83277343bbc400fdb90608bd51b4f56e380e6624ac5fd0e11d6c08815e3f04"
url = "https://github.com/pnpm/pnpm/releases/download/v10.32.1/pnpm-macos-x64"

[tools.pnpm."platforms.windows-x64"]
checksum = "sha256:849141504c83bcd08a3d84dc20d43cff2584d672138d28c33ad62bdac809e7f2"
url = "https://github.com/pnpm/pnpm/releases/download/v10.32.1/pnpm-win-x64.exe"
