# @generated - this file is auto-generated by `mise lock` https://mise.en.dev/dev-tools/mise-lock.html

[[tools.fnox]]
version = "1.31.0"
backend = "github:jdx/fnox"

[tools.fnox."platforms.linux-arm64"]
checksum = "sha256:627f93c5fac35c08f613415e25904ed6775c50e19bc8e9c6d61fe5d02014635d"
url = "https://github.com/jdx/fnox/releases/download/v1.31.0/fnox-aarch64-unknown-linux-gnu.tar.gz"
url_api = "https://api.github.com/repos/jdx/fnox/releases/assets/480276465"
provenance = "github-attestations"

[tools.fnox."platforms.linux-arm64-musl"]
checksum = "sha256:779d2cb7bcefa81d57e269bfd5ffdf39ca961d526b06cfb35b7aa670b35c1c6a"
url = "https://github.com/jdx/fnox/releases/download/v1.31.0/fnox-aarch64-unknown-linux-musl.tar.gz"
url_api = "https://api.github.com/repos/jdx/fnox/releases/assets/480276463"
provenance = "github-attestations"

[tools.fnox."platforms.linux-x64"]
checksum = "sha256:5cfc8f5746e44188418174fd8338ffcbf22531626a439d166ec81b20203ea520"
url = "https://github.com/jdx/fnox/releases/download/v1.31.0/fnox-x86_64-unknown-linux-gnu.tar.gz"
url_api = "https://api.github.com/repos/jdx/fnox/releases/assets/480276475"
provenance = "github-attestations"

[tools.fnox."platforms.linux-x64-musl"]
checksum = "sha256:d226e10cb1698c2ad05a20ee96269460d9b1ba7b4cc29f0691e9b5a0a78d7aee"
url = "https://github.com/jdx/fnox/releases/download/v1.31.0/fnox-x86_64-unknown-linux-musl.tar.gz"
url_api = "https://api.github.com/repos/jdx/fnox/releases/assets/480276476"
provenance = "github-attestations"

[tools.fnox."platforms.macos-arm64"]
checksum = "sha256:a4f7b576ce0a4ba5d3075db59dc0c2f0749f6fa6d8a08f2b546588d3bf96b44c"
url = "https://github.com/jdx/fnox/releases/download/v1.31.0/fnox-aarch64-apple-darwin.tar.gz"
url_api = "https://api.github.com/repos/jdx/fnox/releases/assets/480276462"
provenance = "github-attestations"

[tools.fnox."platforms.macos-x64"]
checksum = "sha256:4351a40b6f0649ab4b6a5d1b870d60d2b2d684b66b91bb78ecac0f4b278d6cbe"
url = "https://github.com/jdx/fnox/releases/download/v1.31.0/fnox-x86_64-apple-darwin.tar.gz"
url_api = "https://api.github.com/repos/jdx/fnox/releases/assets/480276464"
provenance = "github-attestations"

[tools.fnox."platforms.windows-x64"]
checksum = "sha256:eaeb77b5411f078900600b353b3291492eb92888af03be332315c4aa4c46baf6"
url = "https://github.com/jdx/fnox/releases/download/v1.31.0/fnox-x86_64-pc-windows-msvc.zip"
url_api = "https://api.github.com/repos/jdx/fnox/releases/assets/480276474"
provenance = "github-attestations"

[[tools.node]]
version = "24.18.0"
backend = "core:node"

[tools.node."platforms.linux-arm64"]
checksum = "sha256:6b4484c2190274175df9aa8f28e2d758a819cb1c1fe6ab481e2f95b463ab8508"
url = "https://nodejs.org/dist/v24.18.0/node-v24.18.0-linux-arm64.tar.gz"

[tools.node."platforms.linux-arm64-musl"]
checksum = "sha256:b1c6c2dc31b46dd8fb2322f4fe75b07e775c5120bc37251deeea28f529d4567b"
url = "https://unofficial-builds.nodejs.org/download/release/v24.18.0/node-v24.18.0-linux-arm64-musl.tar.gz"

[tools.node."platforms.linux-x64"]
checksum = "sha256:783130984963db7ba9cbd01089eaf2c2efb055c7c1693c943174b967b3050cb8"
url = "https://nodejs.org/dist/v24.18.0/node-v24.18.0-linux-x64.tar.gz"

[tools.node."platforms.linux-x64-musl"]
checksum = "sha256:ea58409911e141ec6b19d9178efa2d9185a13295005b1cbf5521b3157eed1d95"
url = "https://unofficial-builds.nodejs.org/download/release/v24.18.0/node-v24.18.0-linux-x64-musl.tar.gz"

[tools.node."platforms.macos-arm64"]
checksum = "sha256:e1a97e14c99c803e96c7339403282ea05a499c32f8d83defe9ef5ec66f979ed1"
url = "https://nodejs.org/dist/v24.18.0/node-v24.18.0-darwin-arm64.tar.gz"

[tools.node."platforms.macos-x64"]
checksum = "sha256:dfd0dbd3e721503434df7b7205e719f61b3a3a31b2bcf9729b8b91fea240f080"
url = "https://nodejs.org/dist/v24.18.0/node-v24.18.0-darwin-x64.tar.gz"

[tools.node."platforms.windows-x64"]
checksum = "sha256:0ae68406b42d7725661da979b1403ec9926da205c6770827f33aac9d8f26e821"
url = "https://nodejs.org/dist/v24.18.0/node-v24.18.0-win-x64.zip"

[[tools.opencode]]
version = "1.2.24"
backend = "aqua:anomalyco/opencode"

[tools.opencode."platforms.linux-arm64"]
checksum = "sha256:58507b98c2902fd819b9d2639594eec4f36e5708f114ba028b1c3e877bb5e47d"
url = "https://github.com/anomalyco/opencode/releases/download/v1.2.24/opencode-linux-arm64.tar.gz"

[tools.opencode."platforms.linux-arm64-musl"]
checksum = "sha256:58507b98c2902fd819b9d2639594eec4f36e5708f114ba028b1c3e877bb5e47d"
url = "https://github.com/anomalyco/opencode/releases/download/v1.2.24/opencode-linux-arm64.tar.gz"

[tools.opencode."platforms.linux-x64"]
checksum = "sha256:20644ef6b85975f0b49c3ea131c8d49cdee854419b3b8cfb24476e01787a871e"
url = "https://github.com/anomalyco/opencode/releases/download/v1.2.24/opencode-linux-x64.tar.gz"

[tools.opencode."platforms.linux-x64-musl"]
checksum = "sha256:20644ef6b85975f0b49c3ea131c8d49cdee854419b3b8cfb24476e01787a871e"
url = "https://github.com/anomalyco/opencode/releases/download/v1.2.24/opencode-linux-x64.tar.gz"

[tools.opencode."platforms.macos-arm64"]
checksum = "sha256:858467155943c1030815047cbda2fd5074d1ba9309a00e5dd4585a19b3c4896e"
url = "https://github.com/anomalyco/opencode/releases/download/v1.2.24/opencode-darwin-arm64.zip"

[tools.opencode."platforms.macos-x64"]
checksum = "sha256:4de4662d20a8834d8f93e45965ff5fabfbc0f69f15eb4bb33f0742eced54e203"
url = "https://github.com/anomalyco/opencode/releases/download/v1.2.24/opencode-darwin-x64.zip"

[tools.opencode."platforms.windows-x64"]
checksum = "sha256:654be595baed57b6ed7747cc8813f505d55daad84458fe1f744d592d937fa0d3"
url = "https://github.com/anomalyco/opencode/releases/download/v1.2.24/opencode-windows-x64.zip"

[[tools.pnpm]]
version = "11.15.1"
backend = "aqua:pnpm/pnpm"

[tools.pnpm."platforms.linux-arm64"]
checksum = "sha256:361e385867146972d0635a41a1871cb44c9c23f65acce78a5f1ca1d44ac0afcd"
url = "https://github.com/pnpm/pnpm/releases/download/v11.15.1/pnpm-linux-arm64.tar.gz"
url_api = "https://api.github.com/repos/pnpm/pnpm/releases/assets/482780455"
provenance = "github-attestations"

[tools.pnpm."platforms.linux-arm64-musl"]
checksum = "sha256:5e293db656ee6a54387945572e06f08245140a7427c8e67b821d56471f373b77"
url = "https://github.com/pnpm/pnpm/releases/download/v11.15.1/pnpm-linux-arm64-musl.tar.gz"
url_api = "https://api.github.com/repos/pnpm/pnpm/releases/assets/482780459"
provenance = "github-attestations"

[tools.pnpm."platforms.linux-x64"]
checksum = "sha256:0c1373b6390f6b89ff8b896d3647c9826577ddc49173a2f732da69b36569f9e0"
url = "https://github.com/pnpm/pnpm/releases/download/v11.15.1/pnpm-linux-x64.tar.gz"
url_api = "https://api.github.com/repos/pnpm/pnpm/releases/assets/482780457"
provenance = "github-attestations"

[tools.pnpm."platforms.linux-x64-musl"]
checksum = "sha256:593039435b88cb4e15c60c18ba032a1ae6a28159287199f20aacc44ad553a094"
url = "https://github.com/pnpm/pnpm/releases/download/v11.15.1/pnpm-linux-x64-musl.tar.gz"
url_api = "https://api.github.com/repos/pnpm/pnpm/releases/assets/482780453"
provenance = "github-attestations"

[tools.pnpm."platforms.macos-arm64"]
checksum = "sha256:4ff53ecc9de8df115d4efef60eab77f91be4f8237cdaca078351a22e707d1849"
url = "https://github.com/pnpm/pnpm/releases/download/v11.15.1/pnpm-darwin-arm64.tar.gz"
url_api = "https://api.github.com/repos/pnpm/pnpm/releases/assets/482780456"
provenance = "github-attestations"

[tools.pnpm."platforms.windows-x64"]
checksum = "sha256:e9179d727211d5556e969fccfa36f828392892c54728a711c9da1cc3093f7900"
url = "https://github.com/pnpm/pnpm/releases/download/v11.15.1/pnpm-win32-x64.zip"
url_api = "https://api.github.com/repos/pnpm/pnpm/releases/assets/482780452"
provenance = "github-attestations"
