# @generated - this file is auto-generated by `mise lock` https://mise.en.dev/dev-tools/mise-lock.html

[[tools.node]]
version = "24.10.0"
backend = "core:node"

[tools.node."platforms.linux-arm64"]
checksum = "sha256:42776dfc722991b1ac9f302f3d7b5cf989cf7aca519b479c50e59f0663803b73"
url = "https://nodejs.org/dist/v24.10.0/node-v24.10.0-linux-arm64.tar.gz"

[tools.node."platforms.linux-arm64-musl"]
checksum = "sha256:057d95aa80ddbfc45695c945642d2a6512d8e0f7340fe7cdbefe770c77e6587d"
url = "https://unofficial-builds.nodejs.org/download/release/v24.10.0/node-v24.10.0-linux-arm64-musl.tar.gz"

[tools.node."platforms.linux-x64"]
checksum = "sha256:2b03c5417ce0b1076780df00e01da373bead3b4b80d1c78c1ad10ee7b918d90c"
url = "https://nodejs.org/dist/v24.10.0/node-v24.10.0-linux-x64.tar.gz"

[tools.node."platforms.linux-x64-musl"]
checksum = "sha256:58bc6f01764d86afe3c57cff1da97775187fcbdf3416953534b4e1def6158b19"
url = "https://unofficial-builds.nodejs.org/download/release/v24.10.0/node-v24.10.0-linux-x64-musl.tar.gz"

[tools.node."platforms.macos-arm64"]
checksum = "sha256:fbc3d6e1e1d962450d058e918214373872cc4c46e08673f31c35932afac4a8c5"
url = "https://nodejs.org/dist/v24.10.0/node-v24.10.0-darwin-arm64.tar.gz"

[tools.node."platforms.macos-x64"]
checksum = "sha256:627b884f66db0dd35f4b46fb9e994774ce560a7fb60798ba1ab81e867a73687d"
url = "https://nodejs.org/dist/v24.10.0/node-v24.10.0-darwin-x64.tar.gz"

[tools.node."platforms.windows-x64"]
checksum = "sha256:adc1a2d5ca79c92e94f3a58c3ec0efa76bdb488769ba4d4b50990e4c84896060"
url = "https://nodejs.org/dist/v24.10.0/node-v24.10.0-win-x64.zip"

[[tools.opencode]]
version = "1.2.24"
backend = "aqua:anomalyco/opencode"

[tools.opencode."platforms.linux-arm64"]
checksum = "sha256:58507b98c2902fd819b9d2639594eec4f36e5708f114ba028b1c3e877bb5e47d"
url = "https://github.com/anomalyco/opencode/releases/download/v1.2.24/opencode-linux-arm64.tar.gz"

[tools.opencode."platforms.linux-arm64-musl"]
checksum = "sha256:58507b98c2902fd819b9d2639594eec4f36e5708f114ba028b1c3e877bb5e47d"
url = "https://github.com/anomalyco/opencode/releases/download/v1.2.24/opencode-linux-arm64.tar.gz"

[tools.opencode."platforms.linux-x64"]
checksum = "sha256:20644ef6b85975f0b49c3ea131c8d49cdee854419b3b8cfb24476e01787a871e"
url = "https://github.com/anomalyco/opencode/releases/download/v1.2.24/opencode-linux-x64.tar.gz"

[tools.opencode."platforms.linux-x64-musl"]
checksum = "sha256:20644ef6b85975f0b49c3ea131c8d49cdee854419b3b8cfb24476e01787a871e"
url = "https://github.com/anomalyco/opencode/releases/download/v1.2.24/opencode-linux-x64.tar.gz"

[tools.opencode."platforms.macos-arm64"]
checksum = "sha256:858467155943c1030815047cbda2fd5074d1ba9309a00e5dd4585a19b3c4896e"
url = "https://github.com/anomalyco/opencode/releases/download/v1.2.24/opencode-darwin-arm64.zip"

[tools.opencode."platforms.macos-x64"]
checksum = "sha256:4de4662d20a8834d8f93e45965ff5fabfbc0f69f15eb4bb33f0742eced54e203"
url = "https://github.com/anomalyco/opencode/releases/download/v1.2.24/opencode-darwin-x64.zip"

[tools.opencode."platforms.windows-x64"]
checksum = "sha256:654be595baed57b6ed7747cc8813f505d55daad84458fe1f744d592d937fa0d3"
url = "https://github.com/anomalyco/opencode/releases/download/v1.2.24/opencode-windows-x64.zip"

[[tools.pnpm]]
version = "11.8.0"
backend = "aqua:pnpm/pnpm"

[tools.pnpm."platforms.linux-arm64"]
checksum = "sha256:251222a30b3dcf6bc1c30c44fe3fdcd0bd4b2b06dd29f6a549647e56fa51548c"
url = "https://github.com/pnpm/pnpm/releases/download/v11.8.0/pnpm-linux-arm64.tar.gz"
provenance = "github-attestations"

[tools.pnpm."platforms.linux-arm64-musl"]
checksum = "sha256:dbc5077793d76d6318ea9a0b9c250327b12afaab4473b02549ee232f2d7b55b3"
url = "https://github.com/pnpm/pnpm/releases/download/v11.8.0/pnpm-linux-arm64-musl.tar.gz"
provenance = "github-attestations"

[tools.pnpm."platforms.linux-x64"]
checksum = "sha256:86b9aa5362b06cc61f5e829e41614ffda2fbda09993b8e84176feaa3c97b9532"
url = "https://github.com/pnpm/pnpm/releases/download/v11.8.0/pnpm-linux-x64.tar.gz"
provenance = "github-attestations"

[tools.pnpm."platforms.linux-x64-musl"]
checksum = "sha256:c22f99ca91ec4bab1f37114ed3eacc23e68da72573f42e72ebfafaeaa1131167"
url = "https://github.com/pnpm/pnpm/releases/download/v11.8.0/pnpm-linux-x64-musl.tar.gz"
provenance = "github-attestations"

[tools.pnpm."platforms.macos-arm64"]
checksum = "sha256:7c9ef7523abf1190a2fde2b81dd652260d1679ba471c09950e8a08fa772c06e2"
url = "https://github.com/pnpm/pnpm/releases/download/v11.8.0/pnpm-darwin-arm64.tar.gz"
provenance = "github-attestations"

[tools.pnpm."platforms.windows-x64"]
checksum = "sha256:8cf6951ade777eeb7e4665fdcaefe77942724b217690eb3fa2f0b27c67b4310c"
url = "https://github.com/pnpm/pnpm/releases/download/v11.8.0/pnpm-win32-x64.zip"
provenance = "github-attestations"
